// !$*UTF8*$!
{
	archiveVersion = 1;
	classes = {
	};
	objectVersion = 50;
	objects = {

/* Begin PBXBuildFile section */
		CD06257E2262F8DF00C491F2 /* AppDelegate.swift in Sources */ = {isa = PBXBuildFile; fileRef = CD06257D2262F8DF00C491F2 /* AppDelegate.swift */; };
		CD0625802262F8DF00C491F2 /* ViewController.swift in Sources */ = {isa = PBXBuildFile; fileRef = CD06257F2262F8DF00C491F2 /* ViewController.swift */; };
		CD0625832262F8DF00C491F2 /* Main.storyboard in Resources */ = {isa = PBXBuildFile; fileRef = CD0625812262F8DF00C491F2 /* Main.storyboard */; };
		CD0625852262F8E200C491F2 /* Assets.xcassets in Resources */ = {isa = PBXBuildFile; fileRef = CD0625842262F8E200C491F2 /* Assets.xcassets */; };
		CD0625882262F8E200C491F2 /* LaunchScreen.storyboard in Resources */ = {isa = PBXBuildFile; fileRef = CD0625862262F8E200C491F2 /* LaunchScreen.storyboard */; };
		CD0625902262FBC400C491F2 /* SongViewController.swift in Sources */ = {isa = PBXBuildFile; fileRef = CD06258F2262FBC400C491F2 /* SongViewController.swift */; };
		CD06259622630CE600C491F2 /* faith.jpg in Resources */ = {isa = PBXBuildFile; fileRef = CD06259122630CE600C491F2 /* faith.jpg */; };
		CD06259722630CE600C491F2 /* greedy.jpg in Resources */ = {isa = PBXBuildFile; fileRef = CD06259222630CE600C491F2 /* greedy.jpg */; };
		CD06259822630CE600C491F2 /* notearslefttocry.jp2 in Resources */ = {isa = PBXBuildFile; fileRef = CD06259322630CE600C491F2 /* notearslefttocry.jp2 */; };
		CD06259922630CE600C491F2 /* beautyandthebeast.jpg in Resources */ = {isa = PBXBuildFile; fileRef = CD06259422630CE600C491F2 /* beautyandthebeast.jpg */; };
		CD06259A22630CE600C491F2 /* rightthere.png in Resources */ = {isa = PBXBuildFile; fileRef = CD06259522630CE600C491F2 /* rightthere.png */; };
		CD06259D22632C5200C491F2 /* AVFoundation.framework in Frameworks */ = {isa = PBXBuildFile; fileRef = CD06259C22632C5200C491F2 /* AVFoundation.framework */; };
		CD06259F22633F7B00C491F2 /* background.jpg in Resources */ = {isa = PBXBuildFile; fileRef = CD06259E22633F7B00C491F2 /* background.jpg */; };
/* End PBXBuildFile section */

/* Begin PBXFileReference section */
		CD06257A2262F8DF00C491F2 /* ProjectFinal.app */ = {isa = PBXFileReference; explicitFileType = wrapper.application; includeInIndex = 0; path = ProjectFinal.app; sourceTree = BUILT_PRODUCTS_DIR; };
		CD06257D2262F8DF00C491F2 /* AppDelegate.swift */ = {isa = PBXFileReference; lastKnownFileType = sourcecode.swift; path = AppDelegate.swift; sourceTree = "<group>"; };
		CD06257F2262F8DF00C491F2 /* ViewController.swift */ = {isa = PBXFileReference; lastKnownFileType = sourcecode.swift; path = ViewController.swift; sourceTree = "<group>"; };
		CD0625822262F8DF00C491F2 /* Base */ = {isa = PBXFileReference; lastKnownFileType = file.storyboard; name = Base; path = Base.lproj/Main.storyboard; sourceTree = "<group>"; };
		CD0625842262F8E200C491F2 /* Assets.xcassets */ = {isa = PBXFileReference; lastKnownFileType = folder.assetcatalog; path = Assets.xcassets; sourceTree = "<group>"; };
		CD0625872262F8E200C491F2 /* Base */ = {isa = PBXFileReference; lastKnownFileType = file.storyboard; name = Base; path = Base.lproj/LaunchScreen.storyboard; sourceTree = "<group>"; };
		CD0625892262F8E200C491F2 /* Info.plist */ = {isa = PBXFileReference; lastKnownFileType = text.plist.xml; path = Info.plist; sourceTree = "<group>"; };
		CD06258F2262FBC400C491F2 /* SongViewController.swift */ = {isa = PBXFileReference; lastKnownFileType = sourcecode.swift; path = SongViewController.swift; sourceTree = "<group>"; };
		CD06259122630CE600C491F2 /* faith.jpg */ = {isa = PBXFileReference; lastKnownFileType = image.jpeg; path = faith.jpg; sourceTree = "<group>"; };
		CD06259222630CE600C491F2 /* greedy.jpg */ = {isa = PBXFileReference; lastKnownFileType = image.jpeg; path = greedy.jpg; sourceTree = "<group>"; };
		CD06259322630CE600C491F2 /* notearslefttocry.jp2 */ = {isa = PBXFileReference; lastKnownFileType = file; path = notearslefttocry.jp2; sourceTree = "<group>"; };
		CD06259422630CE600C491F2 /* beautyandthebeast.jpg */ = {isa = PBXFileReference; lastKnownFileType = image.jpeg; path = beautyandthebeast.jpg; sourceTree = "<group>"; };
		CD06259522630CE600C491F2 /* rightthere.png */ = {isa = PBXFileReference; lastKnownFileType = image.png; path = rightthere.png; sourceTree = "<group>"; };
		CD06259C22632C5200C491F2 /* AVFoundation.framework */ = {isa = PBXFileReference; lastKnownFileType = wrapper.framework; name = AVFoundation.framework; path = System/Library/Frameworks/AVFoundation.framework; sourceTree = SDKROOT; };
		CD06259E22633F7B00C491F2 /* background.jpg */ = {isa = PBXFileReference; lastKnownFileType = image.jpeg; path = background.jpg; sourceTree = "<group>"; };
/* End PBXFileReference section */

/* Begin PBXFrameworksBuildPhase section */
		CD0625772262F8DF00C491F2 /* Frameworks */ = {
			isa = PBXFrameworksBuildPhase;
			buildActionMask = 2147483647;
			files = (
				CD06259D22632C5200C491F2 /* AVFoundation.framework in Frameworks */,
			);
			runOnlyForDeploymentPostprocessing = 0;
		};
/* End PBXFrameworksBuildPhase section */

/* Begin PBXGroup section */
		CD0625712262F8DF00C491F2 = {
			isa = PBXGroup;
			children = (
				CD06257C2262F8DF00C491F2 /* ProjectFinal */,
				CD06257B2262F8DF00C491F2 /* Products */,
				CD06259B22632C5200C491F2 /* Frameworks */,
			);
			sourceTree = "<group>";
		};
		CD06257B2262F8DF00C491F2 /* Products */ = {
			isa = PBXGroup;
			children = (
				CD06257A2262F8DF00C491F2 /* ProjectFinal.app */,
			);
			name = Products;
			sourceTree = "<group>";
		};
		CD06257C2262F8DF00C491F2 /* ProjectFinal */ = {
			isa = PBXGroup;
			children = (
				CD06259E22633F7B00C491F2 /* background.jpg */,
				CD06259422630CE600C491F2 /* beautyandthebeast.jpg */,
				CD06259122630CE600C491F2 /* faith.jpg */,
				CD06259222630CE600C491F2 /* greedy.jpg */,
				CD06259322630CE600C491F2 /* notearslefttocry.jp2 */,
				CD06259522630CE600C491F2 /* rightthere.png */,
				CD06257D2262F8DF00C491F2 /* AppDelegate.swift */,
				CD06257F2262F8DF00C491F2 /* ViewController.swift */,
				CD06258F2262FBC400C491F2 /* SongViewController.swift */,
				CD0625812262F8DF00C491F2 /* Main.storyboard */,
				CD0625842262F8E200C491F2 /* Assets.xcassets */,
				CD0625862262F8E200C491F2 /* LaunchScreen.storyboard */,
				CD0625892262F8E200C491F2 /* Info.plist */,
			);
			path = ProjectFinal;
			sourceTree = "<group>";
		};
		CD06259B22632C5200C491F2 /* Frameworks */ = {
			isa = PBXGroup;
			children = (
				CD06259C22632C5200C491F2 /* AVFoundation.framework */,
			);
			name = Frameworks;
			sourceTree = "<group>";
		};
/* End PBXGroup section */

/* Begin PBXNativeTarget section */
		CD0625792262F8DF00C491F2 /* ProjectFinal */ = {
			isa = PBXNativeTarget;
			buildConfigurationList = CD06258C2262F8E200C491F2 /* Build configuration list for PBXNativeTarget "ProjectFinal" */;
			buildPhases = (
				CD0625762262F8DF00C491F2 /* Sources */,
				CD0625772262F8DF00C491F2 /* Frameworks */,
				CD0625782262F8DF00C491F2 /* Resources */,
			);
			buildRules = (
			);
			dependencies = (
			);
			name = ProjectFinal;
			productName = ProjectFinal;
			productReference = CD06257A2262F8DF00C491F2 /* ProjectFinal.app */;
			productType = "com.apple.product-type.application";
		};
/* End PBXNativeTarget section */

/* Begin PBXProject section */
		CD0625722262F8DF00C491F2 /* Project object */ = {
			isa = PBXProject;
			attributes = {
				LastSwiftUpdateCheck = 1010;
				LastUpgradeCheck = 1010;
				ORGANIZATIONNAME = SWUCOMPUTER;
				TargetAttributes = {
					CD0625792262F8DF00C491F2 = {
						CreatedOnToolsVersion = 10.1;
					};
				};
			};
			buildConfigurationList = CD0625752262F8DF00C491F2 /* Build configuration list for PBXProject "ProjectFinal" */;
			compatibilityVersion = "Xcode 9.3";
			developmentRegion = en;
			hasScannedForEncodings = 0;
			knownRegions = (
				en,
				Base,
			);
			mainGroup = CD0625712262F8DF00C491F2;
			productRefGroup = CD06257B2262F8DF00C491F2 /* Products */;
			projectDirPath = "";
			projectRoot = "";
			targets = (
				CD0625792262F8DF00C491F2 /* ProjectFinal */,
			);
		};
/* End PBXProject section */

/* Begin PBXResourcesBuildPhase section */
		CD0625782262F8DF00C491F2 /* Resources */ = {
			isa = PBXResourcesBuildPhase;
			buildActionMask = 2147483647;
			files = (
				CD06259F22633F7B00C491F2 /* background.jpg in Resources */,
				CD06259722630CE600C491F2 /* greedy.jpg in Resources */,
				CD06259622630CE600C491F2 /* faith.jpg in Resources */,
				CD06259822630CE600C491F2 /* notearslefttocry.jp2 in Resources */,
				CD0625882262F8E200C491F2 /* LaunchScreen.storyboard in Resources */,
				CD06259922630CE600C491F2 /* beautyandthebeast.jpg in Resources */,
				CD0625852262F8E200C491F2 /* Assets.xcassets in Resources */,
				CD0625832262F8DF00C491F2 /* Main.storyboard in Resources */,
				CD06259A22630CE600C491F2 /* rightthere.png in Resources */,
			);
			runOnlyForDeploymentPostprocessing = 0;
		};
/* End PBXResourcesBuildPhase section */

/* Begin PBXSourcesBuildPhase section */
		CD0625762262F8DF00C491F2 /* Sources */ = {
			isa = PBXSourcesBuildPhase;
			buildActionMask = 2147483647;
			files = (
				CD0625902262FBC400C491F2 /* SongViewController.swift in Sources */,
				CD0625802262F8DF00C491F2 /* ViewController.swift in Sources */,
				CD06257E2262F8DF00C491F2 /* AppDelegate.swift in Sources */,
			);
			runOnlyForDeploymentPostprocessing = 0;
		};
/* End PBXSourcesBuildPhase section */

/* Begin PBXVariantGroup section */
		CD0625812262F8DF00C491F2 /* Main.storyboard */ = {
			isa = PBXVariantGroup;
			children = (
				CD0625822262F8DF00C491F2 /* Base */,
			);
			name = Main.storyboard;
			sourceTree = "<group>";
		};
		CD0625862262F8E200C491F2 /* LaunchScreen.storyboard */ = {
			isa = PBXVariantGroup;
			children = (
				CD0625872262F8E200C491F2 /* Base */,
			);
			name = LaunchScreen.storyboard;
			sourceTree = "<group>";
		};
/* End PBXVariantGroup section */

/* Begin XCBuildConfiguration section */
		CD06258A2262F8E200C491F2 /* Debug */ = {
			isa = XCBuildConfiguration;
			buildSettings = {
				ALWAYS_SEARCH_USER_PATHS = NO;
				CLANG_ANALYZER_NONNULL = YES;
				CLANG_ANALYZER_NUMBER_OBJECT_CONVERSION = YES_AGGRESSIVE;
				CLANG_CXX_LANGUAGE_STANDARD = "gnu++14";
				CLANG_CXX_LIBRARY = "libc++";
				CLANG_ENABLE_MODULES = YES;
				CLANG_ENABLE_OBJC_ARC = YES;
				CLANG_ENABLE_OBJC_WEAK = YES;
				CLANG_WARN_BLOCK_CAPTURE_AUTORELEASING = YES;
				CLANG_WARN_BOOL_CONVERSION = YES;
				CLANG_WARN_COMMA = YES;
				CLANG_WARN_CONSTANT_CONVERSION = YES;
				CLANG_WARN_DEPRECATED_OBJC_IMPLEMENTATIONS = YES;
				CLANG_WARN_DIRECT_OBJC_ISA_USAGE = YES_ERROR;
				CLANG_WARN_DOCUMENTATION_COMMENTS = YES;
				CLANG_WARN_EMPTY_BODY = YES;
				CLANG_WARN_ENUM_CONVERSION = YES;
				CLANG_WARN_INFINITE_RECURSION = YES;
				CLANG_WARN_INT_CONVERSION = YES;
				CLANG_WARN_NON_LITERAL_NULL_CONVERSION = YES;
				CLANG_WARN_OBJC_IMPLICIT_RETAIN_SELF = YES;
				CLANG_WARN_OBJC_LITERAL_CONVERSION = YES;
				CLANG_WARN_OBJC_ROOT_CLASS = YES_ERROR;
				CLANG_WARN_RANGE_LOOP_ANALYSIS = YES;
				CLANG_WARN_STRICT_PROTOTYPES = YES;
				CLANG_WARN_SUSPICIOUS_MOVE = YES;
				CLANG_WARN_UNGUARDED_AVAILABILITY = YES_AGGRESSIVE;
				CLANG_WARN_UNREACHABLE_CODE = YES;
				CLANG_WARN__DUPLICATE_METHOD_MATCH = YES;
				CODE_SIGN_IDENTITY = "iPhone Developer";
				COPY_PHASE_STRIP = NO;
				DEBUG_INFORMATION_FORMAT = dwarf;
				ENABLE_STRICT_OBJC_MSGSEND = YES;
				ENABLE_TESTABILITY = YES;
				GCC_C_LANGUAGE_STANDARD = gnu11;
				GCC_DYNAMIC_NO_PIC = NO;
				GCC_NO_COMMON_BLOCKS = YES;
				GCC_OPTIMIZATION_LEVEL = 0;
				GCC_PREPROCESSOR_DEFINITIONS = (
					"DEBUG=1",
					"$(inherited)",
				);
				GCC_WARN_64_TO_32_BIT_CONVERSION = YES;
				GCC_WARN_ABOUT_RETURN_TYPE = YES_ERROR;
				GCC_WARN_UNDECLARED_SELECTOR = YES;
				GCC_WARN_UNINITIALIZED_AUTOS = YES_AGGRESSIVE;
				GCC_WARN_UNUSED_FUNCTION = YES;
				GCC_WARN_UNUSED_VARIABLE = YES;
				IPHONEOS_DEPLOYMENT_TARGET = 12.1;
				MTL_ENABLE_DEBUG_INFO = INCLUDE_SOURCE;
				MTL_FAST_MATH = YES;
				ONLY_ACTIVE_ARCH = YES;
				SDKROOT = iphoneos;
				SWIFT_ACTIVE_COMPILATION_CONDITIONS = DEBUG;
				SWIFT_OPTIMIZATION_LEVEL = "-Onone";
			};
			name = Debug;
		};
		CD06258B2262F8E200C491F2 /* Release */ = {
			isa = XCBuildConfiguration;
			buildSettings = {
				ALWAYS_SEARCH_USER_PATHS = NO;
				CLANG_ANALYZER_NONNULL = YES;
				CLANG_ANALYZER_NUMBER_OBJECT_CONVERSION = YES_AGGRESSIVE;
				CLANG_CXX_LANGUAGE_STANDARD = "gnu++14";
				CLANG_CXX_LIBRARY = "libc++";
				CLANG_ENABLE_MODULES = YES;
				CLANG_ENABLE_OBJC_ARC = YES;
				CLANG_ENABLE_OBJC_WEAK = YES;
				CLANG_WARN_BLOCK_CAPTURE_AUTORELEASING = YES;
				CLANG_WARN_BOOL_CONVERSION = YES;
				CLANG_WARN_COMMA = YES;
				CLANG_WARN_CONSTANT_CONVERSION = YES;
				CLANG_WARN_DEPRECATED_OBJC_IMPLEMENTATIONS = YES;
				CLANG_WARN_DIRECT_OBJC_ISA_USAGE = YES_ERROR;
				CLANG_WARN_DOCUMENTATION_COMMENTS = YES;
				CLANG_WARN_EMPTY_BODY = YES;
				CLANG_WARN_ENUM_CONVERSION = YES;
				CLANG_WARN_INFINITE_RECURSION = YES;
				CLANG_WARN_INT_CONVERSION = YES;
				CLANG_WARN_NON_LITERAL_NULL_CONVERSION = YES;
				CLANG_WARN_OBJC_IMPLICIT_RETAIN_SELF = YES;
				CLANG_WARN_OBJC_LITERAL_CONVERSION = YES;
				CLANG_WARN_OBJC_ROOT_CLASS = YES_ERROR;
				CLANG_WARN_RANGE_LOOP_ANALYSIS = YES;
				CLANG_WARN_STRICT_PROTOTYPES = YES;
				CLANG_WARN_SUSPICIOUS_MOVE = YES;
				CLANG_WARN_UNGUARDED_AVAILABILITY = YES_AGGRESSIVE;
				CLANG_WARN_UNREACHABLE_CODE = YES;
				CLANG_WARN__DUPLICATE_METHOD_MATCH = YES;
				CODE_SIGN_IDENTITY = "iPhone Developer";
				COPY_PHASE_STRIP = NO;
				DEBUG_INFORMATION_FORMAT = "dwarf-with-dsym";
				ENABLE_NS_ASSERTIONS = NO;
				ENABLE_STRICT_OBJC_MSGSEND = YES;
				GCC_C_LANGUAGE_STANDARD = gnu11;
				GCC_NO_COMMON_BLOCKS = YES;
				GCC_WARN_64_TO_32_BIT_CONVERSION = YES;
				GCC_WARN_ABOUT_RETURN_TYPE = YES_ERROR;
				GCC_WARN_UNDECLARED_SELECTOR = YES;
				GCC_WARN_UNINITIALIZED_AUTOS = YES_AGGRESSIVE;
				GCC_WARN_UNUSED_FUNCTION = YES;
				GCC_WARN_UNUSED_VARIABLE = YES;
				IPHONEOS_DEPLOYMENT_TARGET = 12.1;
				MTL_ENABLE_DEBUG_INFO = NO;
				MTL_FAST_MATH = YES;
				SDKROOT = iphoneos;
				SWIFT_COMPILATION_MODE = wholemodule;
				SWIFT_OPTIMIZATION_LEVEL = "-O";
				VALIDATE_PRODUCT = YES;
			};
			name = Release;
		};
		CD06258D2262F8E200C491F2 /* Debug */ = {
			isa = XCBuildConfiguration;
			buildSettings = {
				ASSETCATALOG_COMPILER_APPICON_NAME = AppIcon;
				CODE_SIGN_STYLE = Automatic;
				INFOPLIST_FILE = ProjectFinal/Info.plist;
				LD_RUNPATH_SEARCH_PATHS = (
					"$(inherited)",
					"@executable_path/Frameworks",
				);
				PRODUCT_BUNDLE_IDENTIFIER = swu.ac.kr.ProjectFinal;
				PRODUCT_NAME = "$(TARGET_NAME)";
				SWIFT_VERSION = 4.2;
				TARGETED_DEVICE_FAMILY = "1,2";
			};
			name = Debug;
		};
		CD06258E2262F8E200C491F2 /* Release */ = {
			isa = XCBuildConfiguration;
			buildSettings = {
				ASSETCATALOG_COMPILER_APPICON_NAME = AppIcon;
				CODE_SIGN_STYLE = Automatic;
				INFOPLIST_FILE = ProjectFinal/Info.plist;
				LD_RUNPATH_SEARCH_PATHS = (
					"$(inherited)",
					"@executable_path/Frameworks",
				);
				PRODUCT_BUNDLE_IDENTIFIER = swu.ac.kr.ProjectFinal;
				PRODUCT_NAME = "$(TARGET_NAME)";
				SWIFT_VERSION = 4.2;
				TARGETED_DEVICE_FAMILY = "1,2";
			};
			name = Release;
		};
/* End XCBuildConfiguration section */

/* Begin XCConfigurationList section */
		CD0625752262F8DF00C491F2 /* Build configuration list for PBXProject "ProjectFinal" */ = {
			isa = XCConfigurationList;
			buildConfigurations = (
				CD06258A2262F8E200C491F2 /* Debug */,
				CD06258B2262F8E200C491F2 /* Release */,
			);
			defaultConfigurationIsVisible = 0;
			defaultConfigurationName = Release;
		};
		CD06258C2262F8E200C491F2 /* Build configuration list for PBXNativeTarget "ProjectFinal" */ = {
			isa = XCConfigurationList;
			buildConfigurations = (
				CD06258D2262F8E200C491F2 /* Debug */,
				CD06258E2262F8E200C491F2 /* Release */,
			);
			defaultConfigurationIsVisible = 0;
			defaultConfigurationName = Release;
		};
/* End XCConfigurationList section */
	};
	rootObject = CD0625722262F8DF00C491F2 /* Project object */;
}
